github.com/bits-and-blooms/bitset v1.2.1 h1:M+/hrU9xlMp7t4TyTDQW97d3tRPVuKFC6zBEK16QnXY=
github.com/bits-and-blooms/bitset v1.2.1/go.mod h1:gIdJ4wp64HaoK2YrL1Q5/N7Y16edYb8uY+O0FJTyyDA=
github.com/boltdb/bolt v1.3.1 h1:JQmyP4ZBrce+ZQu0dY660FMfatumYDLun9hBCUVIkF4=
github.com/boltdb/bolt v1.3.1/go.mod h1:clJnj/oiGkjum5o1McbSZDSLxVThjynRyGBgiAx27Ps=
github.com/davecgh/go-spew v1.1.0/go.mod h1:J7Y8YcW2NihsgmVo/mv3lAwl/skON4iLHjSsI+c5H38=
github.com/davecgh/go-spew v1.1.1 h1:vj9j/u1bqnvCEfJOwUhtlOARqs3+rkHYY13jYWTU97c=
github.com/davecgh/go-spew v1.1.1/go.mod h1:J7Y8YcW2NihsgmVo/mv3lAwl/skON4iLHjSsI+c5H38=
github.com/dgrijalva/jwt-go v3.2.0+incompatible h1:7qlOGliEKZXTDg6OTjfoBKDXWrumCAMpl/TFQ4/5kLM=
github.com/dgrijalva/jwt-go v3.2.0+incompatible/go.mod h1:E3ru+11k8xSBh+hMPgOLZmtrrCbhqsmaPHjLKYnJCaQ=
github.com/fastly/go-utils v0.0.0-20180712184237-d95a45783239 h1:Ghm4eQYC0nEPnSJdVkTrXpu9KtoVCSo1hg7mtI7G9KU=
github.com/fastly/go-utils v0.0.0-20180712184237-d95a45783239/go.mod h1:Gdwt2ce0yfBxPvZrHkprdPPTTS3N5rwmLE8T22KBXlw=
github.com/google/uuid v1.3.0 h1:t6JiXgmwXMjEs8VusXIJk2BXHsn+wx8BZdTaoZ5fu7I=
github.com/google/uuid v1.3.0/go.mod h1:TIyPZe4MgqvfeYDBFedMoGGpEw/LqOeaOT+nhxU+yHo=
github.com/jehiah/go-strftime v0.0.0-20171201141054-1d33003b3869 h1:IPJ3dvxmJ4uczJe5YQdrYB16oTJlGSC/OyZDqUk9xX4=
github.com/jehiah/go-strftime v0.0.0-20171201141054-1d33003b3869/go.mod h1:cJ6Cj7dQo+O6GJNiMx+Pa94qKj+TG8ONdKHgMNIyyag=
github.com/jonboulle/clockwork v0.4.0 h1:p4Cf1aMWXnXAUh8lVfewRBx1zaTSYKrKMF2g3ST4RZ4=
github.com/jonboulle/clockwork v0.4.0/go.mod h1:xgRqUGwRcjKCO1vbZUEtSLrqKoPSsUpK7fnezOII0kc=
github.com/lestrrat/go-envload v0.0.0-20180220120943-6ed08b54a570 h1:0iQektZGS248WXmGIYOwRXSQhD4qn3icjMpuxwO7qlo=
github.com/lestrrat/go-envload v0.0.0-20180220120943-6ed08b54a570/go.mod h1:BLt8L9ld7wVsvEWQbuLrUZnCMnUmLZ+CGDzKtclrTlE=
github.com/lestrrat/go-file-rotatelogs v0.0.0-20180223000712-d3151e2a480f h1:sgUSP4zdTUZYZgAGGtN5Lxk92rK+JUFOwf+FT99EEI4=
github.com/lestrrat/go-file-rotatelogs v0.0.0-20180223000712-d3151e2a480f/go.mod h1:UGmTpUd3rjbtfIpwAPrcfmGf/Z1HS95TATB+m57TPB8=
github.com/lestrrat/go-strftime v0.0.0-20180220042222-ba3bf9c1d042 h1:Bvq8AziQ5jFF4BHGAEDSqwPW1NJS3XshxbRCxtjFAZc=
github.com/lestrrat/go-strftime v0.0.0-20180220042222-ba3bf9c1d042/go.mod h1:TPpsiPUEh0zFL1Snz4crhMlBe60PYxRHr5oFF3rRYg0=
github.com/maruel/rs v1.1.0 h1:dh4OceAF5yD06EASOrb+DS358LI4g0B90YApSdjCP6U=
github.com/maruel/rs v1.1.0/go.mod h1:vzwMjzSJJxLIXmU62qHj6O5QRn5kvCKxFrfaFCxBcUY=
github.com/pkg/errors v0.9.1 h1:FEBLx1zS214owpjy7qsBeixbURkuhQAwrK5UwLGTwt4=
github.com/pkg/errors v0.9.1/go.mod h1:bwawxfHBFNV+L2hUp1rHADufV3IMtnDRdf1r5NINEl0=
github.com/pmezard/go-difflib v1.0.0 h1:4DBwDE0NGyQoBHbLQYPwSUPoCMWR5BEzIk/f1lZbAQM=
github.com/pmezard/go-difflib v1.0.0/go.mod h1:iKH77koFhYxTK1pcRnkKkqfTogsbg7gZNVY4sRDYZ/4=
github.com/rifflock/lfshook v0.0.0-20180920164130-b9218ef580f5 h1:mZHayPoR0lNmnHyvtYjDeq0zlVHn9K/ZXoy17ylucdo=
github.com/rifflock/lfshook v0.0.0-20180920164130-b9218ef580f5/go.mod h1:GEXHk5HgEKCvEIIrSpFI3ozzG5xOKA2DVlEX/gGnewM=
github.com/sirupsen/logrus v1.9.3 h1:dueUQJ1C2q9oE3F7wvmSGAaVtTmUizReu6fjN8uqzbQ=
github.com/sirupsen/logrus v1.9.3/go.mod h1:naHLuLoDiP4jHNo9R0sCBMtWGeIprob74mVsIT4qYEQ=
github.com/stretchr/objx v0.1.0/go.mod h1:HFkY916IF+rwdDfMAkV7OtwuqBVzrE8GR6GFx+wExME=
github.com/stretchr/testify v1.7.0 h1:nwc3DEeHmmLAfoZucVR881uASk0Mfjw8xYJ99tb5CcY=
github.com/stretchr/testify v1.7.0/go.mod h1:6Fq8oRcR53rry900zMqJjRRixrwX3KX962/h/Wwjteg=
github.com/tebeka/strftime v0.1.5 h1:1NQKN1NiQgkqd/2moD6ySP/5CoZQsKa1d3ZhJ44Jpmg=
github.com/tebeka/strftime v0.1.5/go.mod h1:29/OidkoWHdEKZqzyDLUyC+LmgDgdHo4WAFCDT7D/Ig=
github.com/tuotoo/qrcode v0.0.0-20220425170535-52ccc2bebf5d h1:4x1FeGJRB00cvxnKXnRJDT89fvG/Lzm2ecm0vlr/qDs=
github.com/tuotoo/qrcode v0.0.0-20220425170535-52ccc2bebf5d/go.mod h1:uSELzeIcTceNCgzbKdJuJa0ouCqqtkyzL+6bnA3rM+M=
golang.org/x/crypto v0.13.0 h1:mvySKfSWJ+UKUii46M40LOvyWfN0s2U+46/jDd0e6Ck=
golang.org/x/crypto v0.13.0/go.mod h1:y6Z2r+Rw4iayiXXAIxJIDAJ1zMW4yaTpebo8fPOliYc=
golang.org/x/net v0.10.0 h1:X2//UzNDwYmtCLn7To6G58Wr6f5ahEAQgKNzv9Y951M=
golang.org/x/net v0.10.0/go.mod h1:0qNGK6F8kojg2nk9dLZ2mShWaEBan6FAoqfSigmmuDg=
golang.org/x/sys v0.0.0-20220715151400-c0bba94af5f8/go.mod h1:oPkhp1MJrh7nUepCBck5+mAzfO9JrbApNNgaTdGDITg=
golang.org/x/sys v0.12.0 h1:CM0HF96J0hcLAwsHPJZjfdNzs0gftsLfgKt57wWHJ0o=
golang.org/x/sys v0.12.0/go.mod h1:oPkhp1MJrh7nUepCBck5+mAzfO9JrbApNNgaTdGDITg=
gopkg.in/alexcesaro/quotedprintable.v3 v3.0.0-20150716171945-2caba252f4dc h1:2gGKlE2+asNV9m7xrywl36YYNnBG5ZQ0r/BOOxqPpmk=
gopkg.in/alexcesaro/quotedprintable.v3 v3.0.0-20150716171945-2caba252f4dc/go.mod h1:m7x9LTH6d71AHyAX77c9yqWCCa3UKHcVEj9y7hAtKDk=
gopkg.in/check.v1 v0.0.0-20161208181325-20d25e280405/go.mod h1:Co6ibVJAznAaIkqp8huTwlJQCZ016jof/cbN4VW5Yz0=
gopkg.in/gomail.v2 v2.0.0-20160411212932-81ebce5c23df h1:n7WqCuqOuCbNr617RXOY0AWRXxgwEyPp2z+p0+hgMuE=
gopkg.in/gomail.v2 v2.0.0-20160411212932-81ebce5c23df/go.mod h1:LRQQ+SO6ZHR7tOkpBDuZnXENFzX8qRjMDMyPD6BRkCw=
gopkg.in/yaml.v3 v3.0.0-20200313102051-9f266ea9e77c h1:dUUwHk2QECo/6vqA44rthZ8ie2QXMNeKRTHCNY2nXvo=
gopkg.in/yaml.v3 v3.0.0-20200313102051-9f266ea9e77c/go.mod h1:K4uyk7z7BCEPqu6E+C64Yfv1cQ7kz7rIZviUmN+EgEM=
rsc.io/qr v0.2.0 h1:6vBLea5/NRMVTz8V66gipeLycZMl/+UlFmk8DvqQ6WY=
rsc.io/qr v0.2.0/go.mod h1:IF+uZjkb9fqyeF/4tlBoynqmQxUoPfWEKh921coOuXs=
